
Microsoft Visual Studio Solution File, Format Version 12.00
# Visual Studio Version 17
VisualStudioVersion = 17.9.34518.117
MinimumVisualStudioVersion = 10.0.40219.1
Project("{FAE04EC0-301F-11D3-BF4B-00C04F79EFBC}") = "VSProjectTextExport", "VSProjectTextExport.csproj", "{10E4E55A-9009-4478-9A97-A3BAC6D29CA7}"
EndProject
Global
	GlobalSection(SolutionConfigurationPlatforms) = preSolution
		Debug|Any CPU = Debug|Any CPU
		Release|Any CPU = Release|Any CPU
	EndGlobalSection
	GlobalSection(ProjectConfigurationPlatforms) = postSolution
		{10E4E55A-9009-4478-9A97-A3BAC6D29CA7}.Debug|Any CPU.ActiveCfg = Debug|Any CPU
		{10E4E55A-9009-4478-9A97-A3BAC6D29CA7}.Debug|Any CPU.Build.0 = Debug|Any CPU
		{10E4E55A-9009-4478-9A97-A3BAC6D29CA7}.Debug|Any CPU.Deploy.0 = Debug|Any CPU
		{10E4E55A-9009-4478-9A97-A3BAC6D29CA7}.Release|Any CPU.ActiveCfg = Release|Any CPU
		{10E4E55A-9009-4478-9A97-A3BAC6D29CA7}.Release|Any CPU.Build.0 = Release|Any CPU
		{10E4E55A-9009-4478-9A97-A3BAC6D29CA7}.Release|Any CPU.Deploy.0 = Release|Any CPU
	EndGlobalSection
	GlobalSection(SolutionProperties) = preSolution
		HideSolutionNode = FALSE
	EndGlobalSection
	GlobalSection(ExtensibilityGlobals) = postSolution
		SolutionGuid = {E359E082-883A-4DA4-B249-82C1A6F1B707}
	EndGlobalSection
EndGlobal
